
Microsoft Visual Studio Solution File, Format Version 12.00
# Visual Studio Version 16
VisualStudioVersion = 16.0.30406.217
MinimumVisualStudioVersion = 10.0.40219.1
Project("{FAE04EC0-301F-11D3-BF4B-00C04F79EFBC}") = "Payroll with Overtime", "Payroll with Overtime\Payroll with Overtime.csproj", "{87277EC0-B1B3-4799-8C40-3EFAA5E9E5F8}"
EndProject
Global
	GlobalSection(SolutionConfigurationPlatforms) = preSolution
		Debug|Any CPU = Debug|Any CPU
		Release|Any CPU = Release|Any CPU
	EndGlobalSection
	GlobalSection(ProjectConfigurationPlatforms) = postSolution
		{87277EC0-B1B3-4799-8C40-3EFAA5E9E5F8}.Debug|Any CPU.ActiveCfg = Debug|Any CPU
		{87277EC0-B1B3-4799-8C40-3EFAA5E9E5F8}.Debug|Any CPU.Build.0 = Debug|Any CPU
		{87277EC0-B1B3-4799-8C40-3EFAA5E9E5F8}.Release|Any CPU.ActiveCfg = Release|Any CPU
		{87277EC0-B1B3-4799-8C40-3EFAA5E9E5F8}.Release|Any CPU.Build.0 = Release|Any CPU
	EndGlobalSection
	GlobalSection(SolutionProperties) = preSolution
		HideSolutionNode = FALSE
	EndGlobalSection
	GlobalSection(ExtensibilityGlobals) = postSolution
		SolutionGuid = {46DA6B92-CD28-4D08-A5A2-353E54C4B492}
	EndGlobalSection
EndGlobal
