
Microsoft Visual Studio Solution File, Format Version 12.00
# Visual Studio Version 16
VisualStudioVersion = 16.0.30413.136
MinimumVisualStudioVersion = 10.0.40219.1
Project("{9A19103F-16F7-4668-BE54-9A1E7A4F7556}") = "FAQ.Data", "FAQ.Data.csproj", "{12873E5A-DCD0-4F1A-B579-1EBFB4CA0519}"
EndProject
Global
	GlobalSection(SolutionConfigurationPlatforms) = preSolution
		Debug|Any CPU = Debug|Any CPU
		Release|Any CPU = Release|Any CPU
	EndGlobalSection
	GlobalSection(ProjectConfigurationPlatforms) = postSolution
		{12873E5A-DCD0-4F1A-B579-1EBFB4CA0519}.Debug|Any CPU.ActiveCfg = Debug|Any CPU
		{12873E5A-DCD0-4F1A-B579-1EBFB4CA0519}.Debug|Any CPU.Build.0 = Debug|Any CPU
		{12873E5A-DCD0-4F1A-B579-1EBFB4CA0519}.Release|Any CPU.ActiveCfg = Release|Any CPU
		{12873E5A-DCD0-4F1A-B579-1EBFB4CA0519}.Release|Any CPU.Build.0 = Release|Any CPU
	EndGlobalSection
	GlobalSection(SolutionProperties) = preSolution
		HideSolutionNode = FALSE
	EndGlobalSection
	GlobalSection(ExtensibilityGlobals) = postSolution
		SolutionGuid = {CC25F1EA-0CF7-4C84-8C3E-55035B79BF67}
	EndGlobalSection
EndGlobal
